
Microsoft Visual Studio Solution File, Format Version 12.00
Project("{FAE04EC0-301F-11D3-BF4B-00C04F79EFBC}") = "ExampleBot", "ExampleBot\ExampleBot.csproj", "{173C3E46-B7EE-4480-AFC4-33E15A847BE3}"
EndProject
Project("{FAE04EC0-301F-11D3-BF4B-00C04F79EFBC}") = "PixelPilotCore", "src\PixelPilotCore\PixelPilotCore.csproj", "{7E6259D6-5561-48C5-9603-44105859EBE4}"
EndProject
Project("{FAE04EC0-301F-11D3-BF4B-00C04F79EFBC}") = "PixelPilotTests", "src\PixelPilotTests\PixelPilotTests.csproj", "{02E83426-163D-4791-8340-32611FA41EAF}"
EndProject
Global
	GlobalSection(SolutionConfigurationPlatforms) = preSolution
		Debug|Any CPU = Debug|Any CPU
		Release|Any CPU = Release|Any CPU
	EndGlobalSection
	GlobalSection(ProjectConfigurationPlatforms) = postSolution
		{173C3E46-B7EE-4480-AFC4-33E15A847BE3}.Debug|Any CPU.ActiveCfg = Debug|Any CPU
		{173C3E46-B7EE-4480-AFC4-33E15A847BE3}.Debug|Any CPU.Build.0 = Debug|Any CPU
		{173C3E46-B7EE-4480-AFC4-33E15A847BE3}.Release|Any CPU.ActiveCfg = Release|Any CPU
		{173C3E46-B7EE-4480-AFC4-33E15A847BE3}.Release|Any CPU.Build.0 = Release|Any CPU
		{7E6259D6-5561-48C5-9603-44105859EBE4}.Debug|Any CPU.ActiveCfg = Debug|Any CPU
		{7E6259D6-5561-48C5-9603-44105859EBE4}.Debug|Any CPU.Build.0 = Debug|Any CPU
		{7E6259D6-5561-48C5-9603-44105859EBE4}.Release|Any CPU.ActiveCfg = Release|Any CPU
		{7E6259D6-5561-48C5-9603-44105859EBE4}.Release|Any CPU.Build.0 = Release|Any CPU
		{02E83426-163D-4791-8340-32611FA41EAF}.Debug|Any CPU.ActiveCfg = Debug|Any CPU
		{02E83426-163D-4791-8340-32611FA41EAF}.Debug|Any CPU.Build.0 = Debug|Any CPU
		{02E83426-163D-4791-8340-32611FA41EAF}.Release|Any CPU.ActiveCfg = Release|Any CPU
		{02E83426-163D-4791-8340-32611FA41EAF}.Release|Any CPU.Build.0 = Release|Any CPU
	EndGlobalSection
EndGlobal
